
Microsoft Visual Studio Solution File, Format Version 12.00
# Visual Studio Version 17
VisualStudioVersion = 17.2.32616.157
MinimumVisualStudioVersion = 10.0.40219.1
Project("{FAE04EC0-301F-11D3-BF4B-00C04F79EFBC}") = "chemaths", "chemaths.csproj", "{1DDDA550-4944-4380-8CE9-6CE7F1AB04AC}"
EndProject
Project("{2150E333-8FDC-42A3-9474-1A3956D46DE8}") = "Элементы решения", "Элементы решения", "{E1036F92-C73C-419D-9488-E72605F50169}"
EndProject
Global
	GlobalSection(SolutionConfigurationPlatforms) = preSolution
		Debug|Any CPU = Debug|Any CPU
		Release|Any CPU = Release|Any CPU
	EndGlobalSection
	GlobalSection(ProjectConfigurationPlatforms) = postSolution
		{1DDDA550-4944-4380-8CE9-6CE7F1AB04AC}.Debug|Any CPU.ActiveCfg = Debug|Any CPU
		{1DDDA550-4944-4380-8CE9-6CE7F1AB04AC}.Debug|Any CPU.Build.0 = Debug|Any CPU
		{1DDDA550-4944-4380-8CE9-6CE7F1AB04AC}.Release|Any CPU.ActiveCfg = Release|Any CPU
		{1DDDA550-4944-4380-8CE9-6CE7F1AB04AC}.Release|Any CPU.Build.0 = Release|Any CPU
	EndGlobalSection
	GlobalSection(SolutionProperties) = preSolution
		HideSolutionNode = FALSE
	EndGlobalSection
	GlobalSection(ExtensibilityGlobals) = postSolution
		SolutionGuid = {DAE09DE3-C5C4-4B0B-BC9A-CCC83B356A9A}
	EndGlobalSection
EndGlobal
